
Microsoft Visual Studio Solution File, Format Version 12.00
# Visual Studio Version 16
VisualStudioVersion = 16.0.30204.135
MinimumVisualStudioVersion = 10.0.40219.1
Project("{8BC9CEB8-8B4A-11D0-8D11-00A0C91BC942}") = "mmWaveFrameCapture", "mmWaveFrameCapture.vcxproj", "{66BB2069-148B-4CDD-B032-49E8FC4F9842}"
EndProject
Global
	GlobalSection(SolutionConfigurationPlatforms) = preSolution
		Debug|x64 = Debug|x64
		Debug|x86 = Debug|x86
		Release|x64 = Release|x64
		Release|x86 = Release|x86
	EndGlobalSection
	GlobalSection(ProjectConfigurationPlatforms) = postSolution
		{66BB2069-148B-4CDD-B032-49E8FC4F9842}.Debug|x64.ActiveCfg = Debug|x64
		{66BB2069-148B-4CDD-B032-49E8FC4F9842}.Debug|x64.Build.0 = Debug|x64
		{66BB2069-148B-4CDD-B032-49E8FC4F9842}.Debug|x86.ActiveCfg = Debug|Win32
		{66BB2069-148B-4CDD-B032-49E8FC4F9842}.Debug|x86.Build.0 = Debug|Win32
		{66BB2069-148B-4CDD-B032-49E8FC4F9842}.Release|x64.ActiveCfg = Release|x64
		{66BB2069-148B-4CDD-B032-49E8FC4F9842}.Release|x64.Build.0 = Release|x64
		{66BB2069-148B-4CDD-B032-49E8FC4F9842}.Release|x86.ActiveCfg = Release|Win32
		{66BB2069-148B-4CDD-B032-49E8FC4F9842}.Release|x86.Build.0 = Release|Win32
	EndGlobalSection
	GlobalSection(SolutionProperties) = preSolution
		HideSolutionNode = FALSE
	EndGlobalSection
	GlobalSection(ExtensibilityGlobals) = postSolution
		SolutionGuid = {2B4AF4D3-AEA1-4D4B-AD4C-98E1A2FD5655}
	EndGlobalSection
EndGlobal
