<?xml version="1.0" encoding="utf-8"?>
<Project ToolsVersion="4.0" xmlns="http://schemas.microsoft.com/developer/msbuild/2003">
  <ItemGroup>
    <Filter Include="源文件">
      <UniqueIdentifier>{4FC737F1-C7A5-4376-A066-2A32D752A2FF}</UniqueIdentifier>
      <Extensions>cpp;c;cc;cxx;c++;def;odl;idl;hpj;bat;asm;asmx</Extensions>
    </Filter>
    <Filter Include="头文件">
      <UniqueIdentifier>{93995380-89BD-4b04-88EB-625FBE52EBFB}</UniqueIdentifier>
      <Extensions>h;hh;hpp;hxx;h++;hm;inl;inc;ipp;xsd</Extensions>
    </Filter>
  </ItemGroup>
  <ItemGroup>
    <ClCompile Include="mmWaveFrameCapture.cpp">
      <Filter>源文件</Filter>
    </ClCompile>
    <ClCompile Include="PacketCapture.cpp">
      <Filter>源文件</Filter>
    </ClCompile>
    <ClCompile Include="FrameCollection.cpp">
      <Filter>源文件</Filter>
    </ClCompile>
    <ClCompile Include="FramePersistance.cpp">
      <Filter>源文件</Filter>
    </ClCompile>
    <ClCompile Include="ConfigLoader.cpp">
      <Filter>源文件</Filter>
    </ClCompile>
    <ClCompile Include="FrameFileSaver.cpp">
      <Filter>源文件</Filter>
    </ClCompile>
    <ClCompile Include="FrameProfile.cpp">
      <Filter>源文件</Filter>
    </ClCompile>
    <ClCompile Include="jsoncpp.cpp">
      <Filter>源文件</Filter>
    </ClCompile>
    <ClCompile Include="UdpHolder.cpp">
      <Filter>源文件</Filter>
    </ClCompile>
    <ClCompile Include="PacketDeque.cpp">
      <Filter>源文件</Filter>
    </ClCompile>
    <ClCompile Include="mmWaveFactory.cpp">
      <Filter>源文件</Filter>
    </ClCompile>
  </ItemGroup>
  <ItemGroup>
    <ClInclude Include="PacketCapture.h">
      <Filter>头文件</Filter>
    </ClInclude>
    <ClInclude Include="FrameCollection.h">
      <Filter>头文件</Filter>
    </ClInclude>
    <ClInclude Include="FramePersistance.h">
      <Filter>头文件</Filter>
    </ClInclude>
    <ClInclude Include="FrameProfile.h">
      <Filter>头文件</Filter>
    </ClInclude>
    <ClInclude Include="UdpProfile.h">
      <Filter>头文件</Filter>
    </ClInclude>
    <ClInclude Include="UdpPacket.h">
      <Filter>头文件</Filter>
    </ClInclude>
    <ClInclude Include="ConfigLoader.h">
      <Filter>头文件</Filter>
    </ClInclude>
    <ClInclude Include="FrameFileSaver.h">
      <Filter>头文件</Filter>
    </ClInclude>
    <ClInclude Include="json\json-forwards.h">
      <Filter>头文件</Filter>
    </ClInclude>
    <ClInclude Include="json\json.h">
      <Filter>头文件</Filter>
    </ClInclude>
    <ClInclude Include="UdpHolder.h">
      <Filter>头文件</Filter>
    </ClInclude>
    <ClInclude Include="PacketDeque.h">
      <Filter>头文件</Filter>
    </ClInclude>
    <ClInclude Include="mmWaveFactory.h">
      <Filter>头文件</Filter>
    </ClInclude>
  </ItemGroup>
</Project>